
Microsoft Visual Studio Solution File, Format Version 12.00
# Visual Studio Version 17
VisualStudioVersion = 17.2.32630.192
MinimumVisualStudioVersion = 10.0.40219.1
Project("{9A19103F-16F7-4668-BE54-9A1E7A4F7556}") = "VariablesDemo1", "VariablesDemo1\VariablesDemo1.csproj", "{6E3B4B8C-62D7-42A1-BD63-037D66956C57}"
EndProject
Project("{9A19103F-16F7-4668-BE54-9A1E7A4F7556}") = "StringDemo1", "StringDemo1\StringDemo1.csproj", "{61D5E481-8C80-4013-8D2E-B7BBE1A6B51D}"
EndProject
Project("{9A19103F-16F7-4668-BE54-9A1E7A4F7556}") = "VariablesSummary", "VariablesSummary\VariablesSummary.csproj", "{FC41B5F9-8D65-493E-9A57-E92A52AE278D}"
EndProject
Project("{FAE04EC0-301F-11D3-BF4B-00C04F79EFBC}") = "Conditionals", "Conditionals\Conditionals.csproj", "{0DAAF0DB-228B-4300-A5F6-C8ECA3761984}"
EndProject
Project("{FAE04EC0-301F-11D3-BF4B-00C04F79EFBC}") = "RoomCalculator", "RoomCalculator\RoomCalculator.csproj", "{FECCC203-1474-401F-B779-2331BE8C05B0}"
EndProject
Global
	GlobalSection(SolutionConfigurationPlatforms) = preSolution
		Debug|Any CPU = Debug|Any CPU
		Release|Any CPU = Release|Any CPU
	EndGlobalSection
	GlobalSection(ProjectConfigurationPlatforms) = postSolution
		{6E3B4B8C-62D7-42A1-BD63-037D66956C57}.Debug|Any CPU.ActiveCfg = Debug|Any CPU
		{6E3B4B8C-62D7-42A1-BD63-037D66956C57}.Debug|Any CPU.Build.0 = Debug|Any CPU
		{6E3B4B8C-62D7-42A1-BD63-037D66956C57}.Release|Any CPU.ActiveCfg = Release|Any CPU
		{6E3B4B8C-62D7-42A1-BD63-037D66956C57}.Release|Any CPU.Build.0 = Release|Any CPU
		{61D5E481-8C80-4013-8D2E-B7BBE1A6B51D}.Debug|Any CPU.ActiveCfg = Debug|Any CPU
		{61D5E481-8C80-4013-8D2E-B7BBE1A6B51D}.Debug|Any CPU.Build.0 = Debug|Any CPU
		{61D5E481-8C80-4013-8D2E-B7BBE1A6B51D}.Release|Any CPU.ActiveCfg = Release|Any CPU
		{61D5E481-8C80-4013-8D2E-B7BBE1A6B51D}.Release|Any CPU.Build.0 = Release|Any CPU
		{FC41B5F9-8D65-493E-9A57-E92A52AE278D}.Debug|Any CPU.ActiveCfg = Debug|Any CPU
		{FC41B5F9-8D65-493E-9A57-E92A52AE278D}.Debug|Any CPU.Build.0 = Debug|Any CPU
		{FC41B5F9-8D65-493E-9A57-E92A52AE278D}.Release|Any CPU.ActiveCfg = Release|Any CPU
		{FC41B5F9-8D65-493E-9A57-E92A52AE278D}.Release|Any CPU.Build.0 = Release|Any CPU
		{0DAAF0DB-228B-4300-A5F6-C8ECA3761984}.Debug|Any CPU.ActiveCfg = Debug|Any CPU
		{0DAAF0DB-228B-4300-A5F6-C8ECA3761984}.Debug|Any CPU.Build.0 = Debug|Any CPU
		{0DAAF0DB-228B-4300-A5F6-C8ECA3761984}.Release|Any CPU.ActiveCfg = Release|Any CPU
		{0DAAF0DB-228B-4300-A5F6-C8ECA3761984}.Release|Any CPU.Build.0 = Release|Any CPU
		{FECCC203-1474-401F-B779-2331BE8C05B0}.Debug|Any CPU.ActiveCfg = Debug|Any CPU
		{FECCC203-1474-401F-B779-2331BE8C05B0}.Debug|Any CPU.Build.0 = Debug|Any CPU
		{FECCC203-1474-401F-B779-2331BE8C05B0}.Release|Any CPU.ActiveCfg = Release|Any CPU
		{FECCC203-1474-401F-B779-2331BE8C05B0}.Release|Any CPU.Build.0 = Release|Any CPU
	EndGlobalSection
	GlobalSection(SolutionProperties) = preSolution
		HideSolutionNode = FALSE
	EndGlobalSection
	GlobalSection(ExtensibilityGlobals) = postSolution
		SolutionGuid = {0F345630-3233-4376-A6D1-48520B27FAA9}
	EndGlobalSection
EndGlobal
