
Microsoft Visual Studio Solution File, Format Version 12.00
# Visual Studio Version 17
VisualStudioVersion = 17.2.32630.192
MinimumVisualStudioVersion = 10.0.40219.1
Project("{9A19103F-16F7-4668-BE54-9A1E7A4F7556}") = "VariablesDemo1", "VariablesDemo1\VariablesDemo1.csproj", "{6E3B4B8C-62D7-42A1-BD63-037D66956C57}"
EndProject
Project("{9A19103F-16F7-4668-BE54-9A1E7A4F7556}") = "StringDemo1", "StringDemo1\StringDemo1.csproj", "{61D5E481-8C80-4013-8D2E-B7BBE1A6B51D}"
EndProject
Project("{9A19103F-16F7-4668-BE54-9A1E7A4F7556}") = "VariablesSummary", "VariablesSummary\VariablesSummary.csproj", "{FC41B5F9-8D65-493E-9A57-E92A52AE278D}"
EndProject
Project("{FAE04EC0-301F-11D3-BF4B-00C04F79EFBC}") = "Conditionals", "Conditionals\Conditionals.csproj", "{0DAAF0DB-228B-4300-A5F6-C8ECA3761984}"
EndProject
Project("{FAE04EC0-301F-11D3-BF4B-00C04F79EFBC}") = "RoomCalculator", "RoomCalculator\RoomCalculator.csproj", "{FECCC203-1474-401F-B779-2331BE8C05B0}"
EndProject
Project("{2150E333-8FDC-42A3-9474-1A3956D46DE8}") = "Solution Items", "Solution Items", "{5AC0E4E9-A859-4E75-8D57-2A4E309A0A2F}"
	ProjectSection(SolutionItems) = preProject
		.gitignore = .gitignore
	EndProjectSection
EndProject
Project("{FAE04EC0-301F-11D3-BF4B-00C04F79EFBC}") = "LoopDemo", "LoopDemo\LoopDemo.csproj", "{937810B0-68A8-47F4-81D0-3EED1CE61586}"
EndProject
Project("{FAE04EC0-301F-11D3-BF4B-00C04F79EFBC}") = "GoAgain", "GoAgain\GoAgain.csproj", "{ED18E337-203C-4AB4-970D-3DA1A917938E}"
EndProject
Project("{FAE04EC0-301F-11D3-BF4B-00C04F79EFBC}") = "SwitchDemo", "SwitchDemo\SwitchDemo.csproj", "{DAD05A49-F9E5-459A-BFCB-E9DF55AFC52F}"
EndProject
Project("{FAE04EC0-301F-11D3-BF4B-00C04F79EFBC}") = "Shapes", "Shapes\Shapes.csproj", "{F3FA445C-B14C-4F31-8BEF-F1A37395C2DD}"
EndProject
Project("{FAE04EC0-301F-11D3-BF4B-00C04F79EFBC}") = "NumberAnalyzer", "NumberAnalyzer\NumberAnalyzer.csproj", "{82C2D6D8-8EF0-4D00-9768-A36FC63C233F}"
EndProject
Project("{FAE04EC0-301F-11D3-BF4B-00C04F79EFBC}") = "OneFunction", "OneFunction\OneFunction.csproj", "{D8BE514E-0380-4F02-9F8A-C817922BBA5E}"
EndProject
Project("{FAE04EC0-301F-11D3-BF4B-00C04F79EFBC}") = "MethodDemo", "MethodDemo\MethodDemo.csproj", "{CA1DF081-10E2-486E-B963-23F243AEC1B6}"
EndProject
Project("{FAE04EC0-301F-11D3-BF4B-00C04F79EFBC}") = "MethodDemo2", "MethodDemo2\MethodDemo2.csproj", "{A2A53CE1-6A76-49C0-9C40-EE880F598DD1}"
EndProject
Project("{FAE04EC0-301F-11D3-BF4B-00C04F79EFBC}") = "PowersTable", "PowersTable\PowersTable.csproj", "{B54CC35D-5842-403F-A436-E73AA0DF020C}"
EndProject
Project("{FAE04EC0-301F-11D3-BF4B-00C04F79EFBC}") = "RandomDemo", "RandomDemo\RandomDemo.csproj", "{1C374D0E-5E10-413B-A75B-41540A12956D}"
EndProject
Project("{FAE04EC0-301F-11D3-BF4B-00C04F79EFBC}") = "DiceRoller", "DiceRoller\DiceRoller.csproj", "{4FE06729-629D-4990-8899-C531CD7B0879}"
EndProject
Global
	GlobalSection(SolutionConfigurationPlatforms) = preSolution
		Debug|Any CPU = Debug|Any CPU
		Release|Any CPU = Release|Any CPU
	EndGlobalSection
	GlobalSection(ProjectConfigurationPlatforms) = postSolution
		{6E3B4B8C-62D7-42A1-BD63-037D66956C57}.Debug|Any CPU.ActiveCfg = Debug|Any CPU
		{6E3B4B8C-62D7-42A1-BD63-037D66956C57}.Debug|Any CPU.Build.0 = Debug|Any CPU
		{6E3B4B8C-62D7-42A1-BD63-037D66956C57}.Release|Any CPU.ActiveCfg = Release|Any CPU
		{6E3B4B8C-62D7-42A1-BD63-037D66956C57}.Release|Any CPU.Build.0 = Release|Any CPU
		{61D5E481-8C80-4013-8D2E-B7BBE1A6B51D}.Debug|Any CPU.ActiveCfg = Debug|Any CPU
		{61D5E481-8C80-4013-8D2E-B7BBE1A6B51D}.Debug|Any CPU.Build.0 = Debug|Any CPU
		{61D5E481-8C80-4013-8D2E-B7BBE1A6B51D}.Release|Any CPU.ActiveCfg = Release|Any CPU
		{61D5E481-8C80-4013-8D2E-B7BBE1A6B51D}.Release|Any CPU.Build.0 = Release|Any CPU
		{FC41B5F9-8D65-493E-9A57-E92A52AE278D}.Debug|Any CPU.ActiveCfg = Debug|Any CPU
		{FC41B5F9-8D65-493E-9A57-E92A52AE278D}.Debug|Any CPU.Build.0 = Debug|Any CPU
		{FC41B5F9-8D65-493E-9A57-E92A52AE278D}.Release|Any CPU.ActiveCfg = Release|Any CPU
		{FC41B5F9-8D65-493E-9A57-E92A52AE278D}.Release|Any CPU.Build.0 = Release|Any CPU
		{0DAAF0DB-228B-4300-A5F6-C8ECA3761984}.Debug|Any CPU.ActiveCfg = Debug|Any CPU
		{0DAAF0DB-228B-4300-A5F6-C8ECA3761984}.Debug|Any CPU.Build.0 = Debug|Any CPU
		{0DAAF0DB-228B-4300-A5F6-C8ECA3761984}.Release|Any CPU.ActiveCfg = Release|Any CPU
		{0DAAF0DB-228B-4300-A5F6-C8ECA3761984}.Release|Any CPU.Build.0 = Release|Any CPU
		{FECCC203-1474-401F-B779-2331BE8C05B0}.Debug|Any CPU.ActiveCfg = Debug|Any CPU
		{FECCC203-1474-401F-B779-2331BE8C05B0}.Debug|Any CPU.Build.0 = Debug|Any CPU
		{FECCC203-1474-401F-B779-2331BE8C05B0}.Release|Any CPU.ActiveCfg = Release|Any CPU
		{FECCC203-1474-401F-B779-2331BE8C05B0}.Release|Any CPU.Build.0 = Release|Any CPU
		{937810B0-68A8-47F4-81D0-3EED1CE61586}.Debug|Any CPU.ActiveCfg = Debug|Any CPU
		{937810B0-68A8-47F4-81D0-3EED1CE61586}.Debug|Any CPU.Build.0 = Debug|Any CPU
		{937810B0-68A8-47F4-81D0-3EED1CE61586}.Release|Any CPU.ActiveCfg = Release|Any CPU
		{937810B0-68A8-47F4-81D0-3EED1CE61586}.Release|Any CPU.Build.0 = Release|Any CPU
		{ED18E337-203C-4AB4-970D-3DA1A917938E}.Debug|Any CPU.ActiveCfg = Debug|Any CPU
		{ED18E337-203C-4AB4-970D-3DA1A917938E}.Debug|Any CPU.Build.0 = Debug|Any CPU
		{ED18E337-203C-4AB4-970D-3DA1A917938E}.Release|Any CPU.ActiveCfg = Release|Any CPU
		{ED18E337-203C-4AB4-970D-3DA1A917938E}.Release|Any CPU.Build.0 = Release|Any CPU
		{DAD05A49-F9E5-459A-BFCB-E9DF55AFC52F}.Debug|Any CPU.ActiveCfg = Debug|Any CPU
		{DAD05A49-F9E5-459A-BFCB-E9DF55AFC52F}.Debug|Any CPU.Build.0 = Debug|Any CPU
		{DAD05A49-F9E5-459A-BFCB-E9DF55AFC52F}.Release|Any CPU.ActiveCfg = Release|Any CPU
		{DAD05A49-F9E5-459A-BFCB-E9DF55AFC52F}.Release|Any CPU.Build.0 = Release|Any CPU
		{F3FA445C-B14C-4F31-8BEF-F1A37395C2DD}.Debug|Any CPU.ActiveCfg = Debug|Any CPU
		{F3FA445C-B14C-4F31-8BEF-F1A37395C2DD}.Debug|Any CPU.Build.0 = Debug|Any CPU
		{F3FA445C-B14C-4F31-8BEF-F1A37395C2DD}.Release|Any CPU.ActiveCfg = Release|Any CPU
		{F3FA445C-B14C-4F31-8BEF-F1A37395C2DD}.Release|Any CPU.Build.0 = Release|Any CPU
		{82C2D6D8-8EF0-4D00-9768-A36FC63C233F}.Debug|Any CPU.ActiveCfg = Debug|Any CPU
		{82C2D6D8-8EF0-4D00-9768-A36FC63C233F}.Debug|Any CPU.Build.0 = Debug|Any CPU
		{82C2D6D8-8EF0-4D00-9768-A36FC63C233F}.Release|Any CPU.ActiveCfg = Release|Any CPU
		{82C2D6D8-8EF0-4D00-9768-A36FC63C233F}.Release|Any CPU.Build.0 = Release|Any CPU
		{D8BE514E-0380-4F02-9F8A-C817922BBA5E}.Debug|Any CPU.ActiveCfg = Debug|Any CPU
		{D8BE514E-0380-4F02-9F8A-C817922BBA5E}.Debug|Any CPU.Build.0 = Debug|Any CPU
		{D8BE514E-0380-4F02-9F8A-C817922BBA5E}.Release|Any CPU.ActiveCfg = Release|Any CPU
		{D8BE514E-0380-4F02-9F8A-C817922BBA5E}.Release|Any CPU.Build.0 = Release|Any CPU
		{CA1DF081-10E2-486E-B963-23F243AEC1B6}.Debug|Any CPU.ActiveCfg = Debug|Any CPU
		{CA1DF081-10E2-486E-B963-23F243AEC1B6}.Debug|Any CPU.Build.0 = Debug|Any CPU
		{CA1DF081-10E2-486E-B963-23F243AEC1B6}.Release|Any CPU.ActiveCfg = Release|Any CPU
		{CA1DF081-10E2-486E-B963-23F243AEC1B6}.Release|Any CPU.Build.0 = Release|Any CPU
		{A2A53CE1-6A76-49C0-9C40-EE880F598DD1}.Debug|Any CPU.ActiveCfg = Debug|Any CPU
		{A2A53CE1-6A76-49C0-9C40-EE880F598DD1}.Debug|Any CPU.Build.0 = Debug|Any CPU
		{A2A53CE1-6A76-49C0-9C40-EE880F598DD1}.Release|Any CPU.ActiveCfg = Release|Any CPU
		{A2A53CE1-6A76-49C0-9C40-EE880F598DD1}.Release|Any CPU.Build.0 = Release|Any CPU
		{B54CC35D-5842-403F-A436-E73AA0DF020C}.Debug|Any CPU.ActiveCfg = Debug|Any CPU
		{B54CC35D-5842-403F-A436-E73AA0DF020C}.Debug|Any CPU.Build.0 = Debug|Any CPU
		{B54CC35D-5842-403F-A436-E73AA0DF020C}.Release|Any CPU.ActiveCfg = Release|Any CPU
		{B54CC35D-5842-403F-A436-E73AA0DF020C}.Release|Any CPU.Build.0 = Release|Any CPU
		{1C374D0E-5E10-413B-A75B-41540A12956D}.Debug|Any CPU.ActiveCfg = Debug|Any CPU
		{1C374D0E-5E10-413B-A75B-41540A12956D}.Debug|Any CPU.Build.0 = Debug|Any CPU
		{1C374D0E-5E10-413B-A75B-41540A12956D}.Release|Any CPU.ActiveCfg = Release|Any CPU
		{1C374D0E-5E10-413B-A75B-41540A12956D}.Release|Any CPU.Build.0 = Release|Any CPU
		{4FE06729-629D-4990-8899-C531CD7B0879}.Debug|Any CPU.ActiveCfg = Debug|Any CPU
		{4FE06729-629D-4990-8899-C531CD7B0879}.Debug|Any CPU.Build.0 = Debug|Any CPU
		{4FE06729-629D-4990-8899-C531CD7B0879}.Release|Any CPU.ActiveCfg = Release|Any CPU
		{4FE06729-629D-4990-8899-C531CD7B0879}.Release|Any CPU.Build.0 = Release|Any CPU
	EndGlobalSection
	GlobalSection(SolutionProperties) = preSolution
		HideSolutionNode = FALSE
	EndGlobalSection
	GlobalSection(ExtensibilityGlobals) = postSolution
		SolutionGuid = {0F345630-3233-4376-A6D1-48520B27FAA9}
	EndGlobalSection
EndGlobal
